
Microsoft Visual Studio Solution File, Format Version 12.00
# Visual Studio Version 16
VisualStudioVersion = 16.0.29905.134
MinimumVisualStudioVersion = 10.0.40219.1
Project("{FAE04EC0-301F-11D3-BF4B-00C04F79EFBC}") = "MagnifiSoccer.API", "MagnifiSoccer.API\MagnifiSoccer.API.csproj", "{A821B5D9-D7C5-4A33-9DBB-AB09DE5700DA}"
EndProject
Project("{FAE04EC0-301F-11D3-BF4B-00C04F79EFBC}") = "MagnifiSoccer.Shared", "MagnifiSoccer.Shared\MagnifiSoccer.Shared.csproj", "{9258D5E4-7D1D-4837-AA2F-FBED60CF8829}"
EndProject
Global
	GlobalSection(SolutionConfigurationPlatforms) = preSolution
		Debug|Any CPU = Debug|Any CPU
		Release|Any CPU = Release|Any CPU
	EndGlobalSection
	GlobalSection(ProjectConfigurationPlatforms) = postSolution
		{A821B5D9-D7C5-4A33-9DBB-AB09DE5700DA}.Debug|Any CPU.ActiveCfg = Debug|Any CPU
		{A821B5D9-D7C5-4A33-9DBB-AB09DE5700DA}.Debug|Any CPU.Build.0 = Debug|Any CPU
		{A821B5D9-D7C5-4A33-9DBB-AB09DE5700DA}.Release|Any CPU.ActiveCfg = Release|Any CPU
		{A821B5D9-D7C5-4A33-9DBB-AB09DE5700DA}.Release|Any CPU.Build.0 = Release|Any CPU
		{9258D5E4-7D1D-4837-AA2F-FBED60CF8829}.Debug|Any CPU.ActiveCfg = Debug|Any CPU
		{9258D5E4-7D1D-4837-AA2F-FBED60CF8829}.Debug|Any CPU.Build.0 = Debug|Any CPU
		{9258D5E4-7D1D-4837-AA2F-FBED60CF8829}.Release|Any CPU.ActiveCfg = Release|Any CPU
		{9258D5E4-7D1D-4837-AA2F-FBED60CF8829}.Release|Any CPU.Build.0 = Release|Any CPU
	EndGlobalSection
	GlobalSection(SolutionProperties) = preSolution
		HideSolutionNode = FALSE
	EndGlobalSection
	GlobalSection(ExtensibilityGlobals) = postSolution
		SolutionGuid = {97EDB8CC-36EF-4080-A06C-98BD42CB3D47}
	EndGlobalSection
EndGlobal
